
Microsoft Visual Studio Solution File, Format Version 12.00
# Visual Studio 15
VisualStudioVersion = 15.0.28307.489
MinimumVisualStudioVersion = 10.0.40219.1
Project("{FAE04EC0-301F-11D3-BF4B-00C04F79EFBC}") = "PPOImageReveal", "PPOImageReveal\PPOImageReveal.csproj", "{1D287742-9321-45E6-AF65-D01A01E7390F}"
EndProject
Global
	GlobalSection(SolutionConfigurationPlatforms) = preSolution
		Debug|Any CPU = Debug|Any CPU
		Release|Any CPU = Release|Any CPU
	EndGlobalSection
	GlobalSection(ProjectConfigurationPlatforms) = postSolution
		{1D287742-9321-45E6-AF65-D01A01E7390F}.Debug|Any CPU.ActiveCfg = Debug|Any CPU
		{1D287742-9321-45E6-AF65-D01A01E7390F}.Debug|Any CPU.Build.0 = Debug|Any CPU
		{1D287742-9321-45E6-AF65-D01A01E7390F}.Release|Any CPU.ActiveCfg = Release|Any CPU
		{1D287742-9321-45E6-AF65-D01A01E7390F}.Release|Any CPU.Build.0 = Release|Any CPU
	EndGlobalSection
	GlobalSection(SolutionProperties) = preSolution
		HideSolutionNode = FALSE
	EndGlobalSection
	GlobalSection(ExtensibilityGlobals) = postSolution
		SolutionGuid = {024671E9-FADD-4703-BEDB-8DCF11CEAA0B}
	EndGlobalSection
EndGlobal
